// !$*UTF8*$!
{
	archiveVersion = 1;
	classes = {
	};
	objectVersion = 46;
	objects = {

/* Begin PBXBuildFile section */
		B0F25A8A1A133EF90014C288 /* main.c in Sources */ = {isa = PBXBuildFile; fileRef = B0F25A891A133EF90014C288 /* main.c */; };
		B0F25AEB1A13533A0014C288 /* libzmq.a in Frameworks */ = {isa = PBXBuildFile; fileRef = B0F25AEA1A13533A0014C288 /* libzmq.a */; };
/* End PBXBuildFile section */

/* Begin PBXCopyFilesBuildPhase section */
		B0F25A841A133EF90014C288 /* CopyFiles */ = {
			isa = PBXCopyFilesBuildPhase;
			buildActionMask = 2147483647;
			dstPath = /usr/share/man/man1/;
			dstSubfolderSpec = 0;
			files = (
			);
			runOnlyForDeploymentPostprocessing = 1;
		};
/* End PBXCopyFilesBuildPhase section */

/* Begin PBXFileReference section */
		B0F25A861A133EF90014C288 /* ZmqPub */ = {isa = PBXFileReference; explicitFileType = "compiled.mach-o.executable"; includeInIndex = 0; path = ZmqPub; sourceTree = BUILT_PRODUCTS_DIR; };
		B0F25A891A133EF90014C288 /* main.c */ = {isa = PBXFileReference; lastKnownFileType = sourcecode.c.c; path = main.c; sourceTree = "<group>"; };
		B0F25AA61A1347110014C288 /* libzmq.a */ = {isa = PBXFileReference; lastKnownFileType = archive.ar; name = libzmq.a; path = ../../../../../../lib/libzmq.a; sourceTree = "<group>"; };
		B0F25AEA1A13533A0014C288 /* libzmq.a */ = {isa = PBXFileReference; lastKnownFileType = archive.ar; name = libzmq.a; path = ../../../../lib/libzmq.a; sourceTree = "<group>"; };
/* End PBXFileReference section */

/* Begin PBXFrameworksBuildPhase section */
		B0F25A831A133EF90014C288 /* Frameworks */ = {
			isa = PBXFrameworksBuildPhase;
			buildActionMask = 2147483647;
			files = (
				B0F25AEB1A13533A0014C288 /* libzmq.a in Frameworks */,
			);
			runOnlyForDeploymentPostprocessing = 0;
		};
/* End PBXFrameworksBuildPhase section */

/* Begin PBXGroup section */
		B0F25A7D1A133EF90014C288 = {
			isa = PBXGroup;
			children = (
				B0F25AEA1A13533A0014C288 /* libzmq.a */,
				B0F25AA61A1347110014C288 /* libzmq.a */,
				B0F25A881A133EF90014C288 /* ZmqPub */,
				B0F25A871A133EF90014C288 /* Products */,
			);
			sourceTree = "<group>";
		};
		B0F25A871A133EF90014C288 /* Products */ = {
			isa = PBXGroup;
			children = (
				B0F25A861A133EF90014C288 /* ZmqPub */,
			);
			name = Products;
			sourceTree = "<group>";
		};
		B0F25A881A133EF90014C288 /* ZmqPub */ = {
			isa = PBXGroup;
			children = (
				B0F25A891A133EF90014C288 /* main.c */,
			);
			path = ZmqPub;
			sourceTree = "<group>";
		};
/* End PBXGroup section */

/* Begin PBXNativeTarget section */
		B0F25A851A133EF90014C288 /* ZmqPub */ = {
			isa = PBXNativeTarget;
			buildConfigurationList = B0F25A8D1A133EF90014C288 /* Build configuration list for PBXNativeTarget "ZmqPub" */;
			buildPhases = (
				B0F25A821A133EF90014C288 /* Sources */,
				B0F25A831A133EF90014C288 /* Frameworks */,
				B0F25A841A133EF90014C288 /* CopyFiles */,
			);
			buildRules = (
			);
			dependencies = (
			);
			name = ZmqPub;
			productName = ZmqPub;
			productReference = B0F25A861A133EF90014C288 /* ZmqPub */;
			productType = "com.apple.product-type.tool";
		};
/* End PBXNativeTarget section */

/* Begin PBXProject section */
		B0F25A7E1A133EF90014C288 /* Project object */ = {
			isa = PBXProject;
			attributes = {
				LastUpgradeCheck = 0610;
				ORGANIZATIONNAME = ivo;
				TargetAttributes = {
					B0F25A851A133EF90014C288 = {
						CreatedOnToolsVersion = 6.1;
					};
				};
			};
			buildConfigurationList = B0F25A811A133EF90014C288 /* Build configuration list for PBXProject "ZmqPub" */;
			compatibilityVersion = "Xcode 3.2";
			developmentRegion = English;
			hasScannedForEncodings = 0;
			knownRegions = (
				en,
			);
			mainGroup = B0F25A7D1A133EF90014C288;
			productRefGroup = B0F25A871A133EF90014C288 /* Products */;
			projectDirPath = "";
			projectRoot = "";
			targets = (
				B0F25A851A133EF90014C288 /* ZmqPub */,
			);
		};
/* End PBXProject section */

/* Begin PBXSourcesBuildPhase section */
		B0F25A821A133EF90014C288 /* Sources */ = {
			isa = PBXSourcesBuildPhase;
			buildActionMask = 2147483647;
			files = (
				B0F25A8A1A133EF90014C288 /* main.c in Sources */,
			);
			runOnlyForDeploymentPostprocessing = 0;
		};
/* End PBXSourcesBuildPhase section */

/* Begin XCBuildConfiguration section */
		B0F25A8B1A133EF90014C288 /* Debug */ = {
			isa = XCBuildConfiguration;
			buildSettings = {
				ALWAYS_SEARCH_USER_PATHS = NO;
				CLANG_CXX_LANGUAGE_STANDARD = "gnu++0x";
				CLANG_CXX_LIBRARY = "libc++";
				CLANG_ENABLE_MODULES = YES;
				CLANG_ENABLE_OBJC_ARC = YES;
				CLANG_WARN_BOOL_CONVERSION = YES;
				CLANG_WARN_CONSTANT_CONVERSION = YES;
				CLANG_WARN_DIRECT_OBJC_ISA_USAGE = YES_ERROR;
				CLANG_WARN_EMPTY_BODY = YES;
				CLANG_WARN_ENUM_CONVERSION = YES;
				CLANG_WARN_INT_CONVERSION = YES;
				CLANG_WARN_OBJC_ROOT_CLASS = YES_ERROR;
				CLANG_WARN_UNREACHABLE_CODE = YES;
				CLANG_WARN__DUPLICATE_METHOD_MATCH = YES;
				COPY_PHASE_STRIP = NO;
				ENABLE_STRICT_OBJC_MSGSEND = YES;
				GCC_C_LANGUAGE_STANDARD = gnu99;
				GCC_DYNAMIC_NO_PIC = NO;
				GCC_OPTIMIZATION_LEVEL = 0;
				GCC_PREPROCESSOR_DEFINITIONS = (
					"DEBUG=1",
					"$(inherited)",
				);
				GCC_SYMBOLS_PRIVATE_EXTERN = NO;
				GCC_WARN_64_TO_32_BIT_CONVERSION = YES;
				GCC_WARN_ABOUT_RETURN_TYPE = YES_ERROR;
				GCC_WARN_UNDECLARED_SELECTOR = YES;
				GCC_WARN_UNINITIALIZED_AUTOS = YES_AGGRESSIVE;
				GCC_WARN_UNUSED_FUNCTION = YES;
				GCC_WARN_UNUSED_VARIABLE = YES;
				MACOSX_DEPLOYMENT_TARGET = 10.9;
				MTL_ENABLE_DEBUG_INFO = YES;
				ONLY_ACTIVE_ARCH = YES;
				SDKROOT = macosx;
			};
			name = Debug;
		};
		B0F25A8C1A133EF90014C288 /* Release */ = {
			isa = XCBuildConfiguration;
			buildSettings = {
				ALWAYS_SEARCH_USER_PATHS = NO;
				CLANG_CXX_LANGUAGE_STANDARD = "gnu++0x";
				CLANG_CXX_LIBRARY = "libc++";
				CLANG_ENABLE_MODULES = YES;
				CLANG_ENABLE_OBJC_ARC = YES;
				CLANG_WARN_BOOL_CONVERSION = YES;
				CLANG_WARN_CONSTANT_CONVERSION = YES;
				CLANG_WARN_DIRECT_OBJC_ISA_USAGE = YES_ERROR;
				CLANG_WARN_EMPTY_BODY = YES;
				CLANG_WARN_ENUM_CONVERSION = YES;
				CLANG_WARN_INT_CONVERSION = YES;
				CLANG_WARN_OBJC_ROOT_CLASS = YES_ERROR;
				CLANG_WARN_UNREACHABLE_CODE = YES;
				CLANG_WARN__DUPLICATE_METHOD_MATCH = YES;
				COPY_PHASE_STRIP = YES;
				DEBUG_INFORMATION_FORMAT = "dwarf-with-dsym";
				ENABLE_NS_ASSERTIONS = NO;
				ENABLE_STRICT_OBJC_MSGSEND = YES;
				GCC_C_LANGUAGE_STANDARD = gnu99;
				GCC_WARN_64_TO_32_BIT_CONVERSION = YES;
				GCC_WARN_ABOUT_RETURN_TYPE = YES_ERROR;
				GCC_WARN_UNDECLARED_SELECTOR = YES;
				GCC_WARN_UNINITIALIZED_AUTOS = YES_AGGRESSIVE;
				GCC_WARN_UNUSED_FUNCTION = YES;
				GCC_WARN_UNUSED_VARIABLE = YES;
				MACOSX_DEPLOYMENT_TARGET = 10.9;
				MTL_ENABLE_DEBUG_INFO = NO;
				SDKROOT = macosx;
			};
			name = Release;
		};
		B0F25A8E1A133EF90014C288 /* Debug */ = {
			isa = XCBuildConfiguration;
			buildSettings = {
				HEADER_SEARCH_PATHS = (
					"$(inherited)",
					/Applications/Xcode.app/Contents/Developer/Toolchains/XcodeDefault.xctoolchain/usr/include,
					/usr/local/include,
				);
				LIBRARY_SEARCH_PATHS = (
					"$(inherited)",
					/lib,
					/Users/ivostoy/lib,
				);
				PRODUCT_NAME = "$(TARGET_NAME)";
			};
			name = Debug;
		};
		B0F25A8F1A133EF90014C288 /* Release */ = {
			isa = XCBuildConfiguration;
			buildSettings = {
				HEADER_SEARCH_PATHS = (
					"$(inherited)",
					/Applications/Xcode.app/Contents/Developer/Toolchains/XcodeDefault.xctoolchain/usr/include,
					/usr/local/include,
				);
				LIBRARY_SEARCH_PATHS = (
					"$(inherited)",
					/lib,
					/Users/ivostoy/lib,
				);
				PRODUCT_NAME = "$(TARGET_NAME)";
			};
			name = Release;
		};
/* End XCBuildConfiguration section */

/* Begin XCConfigurationList section */
		B0F25A811A133EF90014C288 /* Build configuration list for PBXProject "ZmqPub" */ = {
			isa = XCConfigurationList;
			buildConfigurations = (
				B0F25A8B1A133EF90014C288 /* Debug */,
				B0F25A8C1A133EF90014C288 /* Release */,
			);
			defaultConfigurationIsVisible = 0;
			defaultConfigurationName = Release;
		};
		B0F25A8D1A133EF90014C288 /* Build configuration list for PBXNativeTarget "ZmqPub" */ = {
			isa = XCConfigurationList;
			buildConfigurations = (
				B0F25A8E1A133EF90014C288 /* Debug */,
				B0F25A8F1A133EF90014C288 /* Release */,
			);
			defaultConfigurationIsVisible = 0;
		};
/* End XCConfigurationList section */
	};
	rootObject = B0F25A7E1A133EF90014C288 /* Project object */;
}
